
Microsoft Visual Studio Solution File, Format Version 12.00
# Visual Studio Version 17
VisualStudioVersion = 17.11.35303.130
MinimumVisualStudioVersion = 10.0.40219.1
Project("{FAE04EC0-301F-11D3-BF4B-00C04F79EFBC}") = "ExamMySQL", "ExamMySQL\ExamMySQL.csproj", "{5159B085-5DF1-4527-9414-0F8EE8F8F322}"
EndProject
Global
	GlobalSection(SolutionConfigurationPlatforms) = preSolution
		Debug|Any CPU = Debug|Any CPU
		Release|Any CPU = Release|Any CPU
	EndGlobalSection
	GlobalSection(ProjectConfigurationPlatforms) = postSolution
		{5159B085-5DF1-4527-9414-0F8EE8F8F322}.Debug|Any CPU.ActiveCfg = Debug|Any CPU
		{5159B085-5DF1-4527-9414-0F8EE8F8F322}.Debug|Any CPU.Build.0 = Debug|Any CPU
		{5159B085-5DF1-4527-9414-0F8EE8F8F322}.Release|Any CPU.ActiveCfg = Release|Any CPU
		{5159B085-5DF1-4527-9414-0F8EE8F8F322}.Release|Any CPU.Build.0 = Release|Any CPU
	EndGlobalSection
	GlobalSection(SolutionProperties) = preSolution
		HideSolutionNode = FALSE
	EndGlobalSection
	GlobalSection(ExtensibilityGlobals) = postSolution
		SolutionGuid = {0D813E8E-902A-4856-BE5D-B190B650EA5A}
	EndGlobalSection
EndGlobal
